
Microsoft Visual Studio Solution File, Format Version 12.00
# Visual Studio 15
VisualStudioVersion = 15.0.27428.2015
MinimumVisualStudioVersion = 10.0.40219.1
Project("{FAE04EC0-301F-11D3-BF4B-00C04F79EFBC}") = "QuanLyKhachSan_GUI", "WindowsFormsApp2\QuanLyKhachSan_GUI.csproj", "{F3E4387F-28F6-4A66-B7BB-B15D280A00E3}"
EndProject
Project("{FAE04EC0-301F-11D3-BF4B-00C04F79EFBC}") = "BUS", "BUS\BUS.csproj", "{F8B113E2-7BC5-4890-B993-A196FC45E84E}"
EndProject
Project("{FAE04EC0-301F-11D3-BF4B-00C04F79EFBC}") = "DAO", "DAO\DAO.csproj", "{ECE5B7E9-E02A-4166-A390-A61E1C938552}"
EndProject
Project("{FAE04EC0-301F-11D3-BF4B-00C04F79EFBC}") = "DTO", "DTO\DTO.csproj", "{A0F57D97-A946-41A7-8A91-809F445E0E8E}"
EndProject
Global
	GlobalSection(SolutionConfigurationPlatforms) = preSolution
		Debug|Any CPU = Debug|Any CPU
		Release|Any CPU = Release|Any CPU
	EndGlobalSection
	GlobalSection(ProjectConfigurationPlatforms) = postSolution
		{F3E4387F-28F6-4A66-B7BB-B15D280A00E3}.Debug|Any CPU.ActiveCfg = Debug|Any CPU
		{F3E4387F-28F6-4A66-B7BB-B15D280A00E3}.Debug|Any CPU.Build.0 = Debug|Any CPU
		{F3E4387F-28F6-4A66-B7BB-B15D280A00E3}.Release|Any CPU.ActiveCfg = Release|Any CPU
		{F3E4387F-28F6-4A66-B7BB-B15D280A00E3}.Release|Any CPU.Build.0 = Release|Any CPU
		{F8B113E2-7BC5-4890-B993-A196FC45E84E}.Debug|Any CPU.ActiveCfg = Debug|Any CPU
		{F8B113E2-7BC5-4890-B993-A196FC45E84E}.Debug|Any CPU.Build.0 = Debug|Any CPU
		{F8B113E2-7BC5-4890-B993-A196FC45E84E}.Release|Any CPU.ActiveCfg = Release|Any CPU
		{F8B113E2-7BC5-4890-B993-A196FC45E84E}.Release|Any CPU.Build.0 = Release|Any CPU
		{ECE5B7E9-E02A-4166-A390-A61E1C938552}.Debug|Any CPU.ActiveCfg = Debug|Any CPU
		{ECE5B7E9-E02A-4166-A390-A61E1C938552}.Debug|Any CPU.Build.0 = Debug|Any CPU
		{ECE5B7E9-E02A-4166-A390-A61E1C938552}.Release|Any CPU.ActiveCfg = Release|Any CPU
		{ECE5B7E9-E02A-4166-A390-A61E1C938552}.Release|Any CPU.Build.0 = Release|Any CPU
		{A0F57D97-A946-41A7-8A91-809F445E0E8E}.Debug|Any CPU.ActiveCfg = Debug|Any CPU
		{A0F57D97-A946-41A7-8A91-809F445E0E8E}.Debug|Any CPU.Build.0 = Debug|Any CPU
		{A0F57D97-A946-41A7-8A91-809F445E0E8E}.Release|Any CPU.ActiveCfg = Release|Any CPU
		{A0F57D97-A946-41A7-8A91-809F445E0E8E}.Release|Any CPU.Build.0 = Release|Any CPU
	EndGlobalSection
	GlobalSection(SolutionProperties) = preSolution
		HideSolutionNode = FALSE
	EndGlobalSection
	GlobalSection(ExtensibilityGlobals) = postSolution
		SolutionGuid = {6F318322-EB13-46C1-8FB5-D766D2B19CAB}
	EndGlobalSection
EndGlobal
